
Microsoft Visual Studio Solution File, Format Version 12.00
# Visual Studio 15
VisualStudioVersion = 15.0.26403.7
MinimumVisualStudioVersion = 10.0.40219.1
Project("{FAE04EC0-301F-11D3-BF4B-00C04F79EFBC}") = "SumSubarray", "SumSubarray\SumSubarray.csproj", "{28AB7E68-8421-4082-88A6-AA334E21718A}"
EndProject
Project("{FAE04EC0-301F-11D3-BF4B-00C04F79EFBC}") = "SumSubarray.Test", "SumSubarray.Test\SumSubarray.Test.csproj", "{2ACFFABE-2A61-4AEA-9945-C88B649B99C4}"
EndProject
Global
	GlobalSection(SolutionConfigurationPlatforms) = preSolution
		Debug|Any CPU = Debug|Any CPU
		Release|Any CPU = Release|Any CPU
	EndGlobalSection
	GlobalSection(ProjectConfigurationPlatforms) = postSolution
		{28AB7E68-8421-4082-88A6-AA334E21718A}.Debug|Any CPU.ActiveCfg = Debug|Any CPU
		{28AB7E68-8421-4082-88A6-AA334E21718A}.Debug|Any CPU.Build.0 = Debug|Any CPU
		{28AB7E68-8421-4082-88A6-AA334E21718A}.Release|Any CPU.ActiveCfg = Release|Any CPU
		{28AB7E68-8421-4082-88A6-AA334E21718A}.Release|Any CPU.Build.0 = Release|Any CPU
		{2ACFFABE-2A61-4AEA-9945-C88B649B99C4}.Debug|Any CPU.ActiveCfg = Debug|Any CPU
		{2ACFFABE-2A61-4AEA-9945-C88B649B99C4}.Debug|Any CPU.Build.0 = Debug|Any CPU
		{2ACFFABE-2A61-4AEA-9945-C88B649B99C4}.Release|Any CPU.ActiveCfg = Release|Any CPU
		{2ACFFABE-2A61-4AEA-9945-C88B649B99C4}.Release|Any CPU.Build.0 = Release|Any CPU
	EndGlobalSection
	GlobalSection(SolutionProperties) = preSolution
		HideSolutionNode = FALSE
	EndGlobalSection
EndGlobal
